# THIS IS AN AUTOGENERATED FILE. DO NOT EDIT THIS FILE DIRECTLY.
# yarn lockfile v1


"@hugolify/prettier-config@^0.3.1":
  version "0.3.1"
  resolved "https://registry.yarnpkg.com/@hugolify/prettier-config/-/prettier-config-0.3.1.tgz#0a50ffd2747fd14df14bac02bf76147b66c0ab09"
  integrity sha512-t74NNtPARZLeMRfof+lYG3/tzLTj8uDm+g41ncpJm9wWePqLoqo3clYa0GAoPTNiiSFCWoL1NcZ+0u/SUKj8Lw==
